
Microsoft Visual Studio Solution File, Format Version 12.00
# Visual Studio Version 16
VisualStudioVersion = 16.0.809.7
MinimumVisualStudioVersion = 10.0.40219.1
Project("{FAE04EC0-301F-11D3-BF4B-00C04F79EFBC}") = "DemoServiceApi", "DemoServiceApi\DemoServiceApi.csproj", "{9FF13988-7579-4F2D-9BEC-BCEF60C13360}"
EndProject
Global
	GlobalSection(SolutionConfigurationPlatforms) = preSolution
		Debug|Any CPU = Debug|Any CPU
		Release|Any CPU = Release|Any CPU
	EndGlobalSection
	GlobalSection(ProjectConfigurationPlatforms) = postSolution
		{9FF13988-7579-4F2D-9BEC-BCEF60C13360}.Debug|Any CPU.ActiveCfg = Debug|Any CPU
		{9FF13988-7579-4F2D-9BEC-BCEF60C13360}.Debug|Any CPU.Build.0 = Debug|Any CPU
		{9FF13988-7579-4F2D-9BEC-BCEF60C13360}.Release|Any CPU.ActiveCfg = Release|Any CPU
		{9FF13988-7579-4F2D-9BEC-BCEF60C13360}.Release|Any CPU.Build.0 = Release|Any CPU
	EndGlobalSection
	GlobalSection(SolutionProperties) = preSolution
		HideSolutionNode = FALSE
	EndGlobalSection
	GlobalSection(ExtensibilityGlobals) = postSolution
		SolutionGuid = {5F782E6C-8FCB-4ACD-A521-C81FB7889E29}
	EndGlobalSection
EndGlobal
